
Microsoft Visual Studio Solution File, Format Version 12.00
# Visual Studio 15
VisualStudioVersion = 15.0.26430.6
MinimumVisualStudioVersion = 10.0.40219.1
Project("{F2A71F9B-5D33-465A-A702-920D77279786}") = "Minimalist.Core", "Minimalist.Core\Minimalist.Core.fsproj", "{B6861077-74A5-4887-A94A-79AB8DA557D0}"
EndProject
Project("{F2A71F9B-5D33-465A-A702-920D77279786}") = "Minimalist.Core.UnitTests", "Minimalist.Core.UnitTests\Minimalist.Core.UnitTests.fsproj", "{6CDA1278-E3E3-46A9-AF6A-8D87B4E84073}"
EndProject
Project("{F2A71F9B-5D33-465A-A702-920D77279786}") = "Minimalist.App", "Minimalist.App\Minimalist.App.fsproj", "{14198A17-B50C-47F7-87DD-19DA6CFAFF15}"
EndProject
Project("{F2A71F9B-5D33-465A-A702-920D77279786}") = "Minimalist.Endpoint", "Minimalist.Endpoint\Minimalist.Endpoint.fsproj", "{281FBCC8-BEF5-4FE5-88A0-5F3C7CA3DE65}"
EndProject
Global
	GlobalSection(SolutionConfigurationPlatforms) = preSolution
		Debug|Any CPU = Debug|Any CPU
		Release|Any CPU = Release|Any CPU
	EndGlobalSection
	GlobalSection(ProjectConfigurationPlatforms) = postSolution
		{B6861077-74A5-4887-A94A-79AB8DA557D0}.Debug|Any CPU.ActiveCfg = Debug|Any CPU
		{B6861077-74A5-4887-A94A-79AB8DA557D0}.Debug|Any CPU.Build.0 = Debug|Any CPU
		{B6861077-74A5-4887-A94A-79AB8DA557D0}.Release|Any CPU.ActiveCfg = Release|Any CPU
		{B6861077-74A5-4887-A94A-79AB8DA557D0}.Release|Any CPU.Build.0 = Release|Any CPU
		{6CDA1278-E3E3-46A9-AF6A-8D87B4E84073}.Debug|Any CPU.ActiveCfg = Debug|Any CPU
		{6CDA1278-E3E3-46A9-AF6A-8D87B4E84073}.Debug|Any CPU.Build.0 = Debug|Any CPU
		{6CDA1278-E3E3-46A9-AF6A-8D87B4E84073}.Release|Any CPU.ActiveCfg = Release|Any CPU
		{6CDA1278-E3E3-46A9-AF6A-8D87B4E84073}.Release|Any CPU.Build.0 = Release|Any CPU
		{14198A17-B50C-47F7-87DD-19DA6CFAFF15}.Debug|Any CPU.ActiveCfg = Debug|Any CPU
		{14198A17-B50C-47F7-87DD-19DA6CFAFF15}.Debug|Any CPU.Build.0 = Debug|Any CPU
		{14198A17-B50C-47F7-87DD-19DA6CFAFF15}.Release|Any CPU.ActiveCfg = Release|Any CPU
		{14198A17-B50C-47F7-87DD-19DA6CFAFF15}.Release|Any CPU.Build.0 = Release|Any CPU
		{281FBCC8-BEF5-4FE5-88A0-5F3C7CA3DE65}.Debug|Any CPU.ActiveCfg = Debug|Any CPU
		{281FBCC8-BEF5-4FE5-88A0-5F3C7CA3DE65}.Debug|Any CPU.Build.0 = Debug|Any CPU
		{281FBCC8-BEF5-4FE5-88A0-5F3C7CA3DE65}.Release|Any CPU.ActiveCfg = Release|Any CPU
		{281FBCC8-BEF5-4FE5-88A0-5F3C7CA3DE65}.Release|Any CPU.Build.0 = Release|Any CPU
	EndGlobalSection
	GlobalSection(SolutionProperties) = preSolution
		HideSolutionNode = FALSE
	EndGlobalSection
EndGlobal
